
Microsoft Visual Studio Solution File, Format Version 12.00
# Visual Studio Version 16
VisualStudioVersion = 16.0.32901.82
MinimumVisualStudioVersion = 10.0.40219.1
Project("{FAE04EC0-301F-11D3-BF4B-00C04F79EFBC}") = "Calculator", "Calculator\Calculator.csproj", "{428DF7DB-7189-4277-8C52-4019BEBC971E}"
EndProject
Global
	GlobalSection(SolutionConfigurationPlatforms) = preSolution
		Debug|Any CPU = Debug|Any CPU
		Release|Any CPU = Release|Any CPU
	EndGlobalSection
	GlobalSection(ProjectConfigurationPlatforms) = postSolution
		{428DF7DB-7189-4277-8C52-4019BEBC971E}.Debug|Any CPU.ActiveCfg = Debug|Any CPU
		{428DF7DB-7189-4277-8C52-4019BEBC971E}.Debug|Any CPU.Build.0 = Debug|Any CPU
		{428DF7DB-7189-4277-8C52-4019BEBC971E}.Release|Any CPU.ActiveCfg = Release|Any CPU
		{428DF7DB-7189-4277-8C52-4019BEBC971E}.Release|Any CPU.Build.0 = Release|Any CPU
	EndGlobalSection
	GlobalSection(SolutionProperties) = preSolution
		HideSolutionNode = FALSE
	EndGlobalSection
	GlobalSection(ExtensibilityGlobals) = postSolution
		SolutionGuid = {4B133CCF-8BD2-43DE-87F4-7EE47D485A44}
	EndGlobalSection
EndGlobal
